{
  "name": "polygon_center_calculator",
  "version": "1.0.0",
  "lockfileVersion": 1,
  "requires": true,
  "dependencies": {
    "polylabel": {
      "version": "1.0.2",
      "resolved": "https://registry.npmjs.org/polylabel/-/polylabel-1.0.2.tgz",
      "integrity": "sha1-kMEWAvshemW3isIRCsX8sAtlJWA=",
      "requires": {
        "tinyqueue": "^1.1.0"
      }
    },
    "tinyqueue": {
      "version": "1.2.3",
      "resolved": "https://registry.npmjs.org/tinyqueue/-/tinyqueue-1.2.3.tgz",
      "integrity": "sha512-Qz9RgWuO9l8lT+Y9xvbzhPT2efIUIFd69N7eF7tJ9lnQl0iLj1M7peK7IoUGZL9DJHw9XftqLreccfxcQgYLxA=="
    }
  }
}
